
Microsoft Visual Studio Solution File, Format Version 12.00
# Visual Studio Version 17
VisualStudioVersion = 17.6.33829.357
MinimumVisualStudioVersion = 10.0.40219.1
Project("{FAE04EC0-301F-11D3-BF4B-00C04F79EFBC}") = "LOGIN", "LOGIN.csproj", "{14F0C15A-2773-44A6-8EEA-9AA92A5E8427}"
EndProject
Global
	GlobalSection(SolutionConfigurationPlatforms) = preSolution
		Debug|Any CPU = Debug|Any CPU
		Release|Any CPU = Release|Any CPU
	EndGlobalSection
	GlobalSection(ProjectConfigurationPlatforms) = postSolution
		{14F0C15A-2773-44A6-8EEA-9AA92A5E8427}.Debug|Any CPU.ActiveCfg = Debug|Any CPU
		{14F0C15A-2773-44A6-8EEA-9AA92A5E8427}.Debug|Any CPU.Build.0 = Debug|Any CPU
		{14F0C15A-2773-44A6-8EEA-9AA92A5E8427}.Release|Any CPU.ActiveCfg = Release|Any CPU
		{14F0C15A-2773-44A6-8EEA-9AA92A5E8427}.Release|Any CPU.Build.0 = Release|Any CPU
	EndGlobalSection
	GlobalSection(SolutionProperties) = preSolution
		HideSolutionNode = FALSE
	EndGlobalSection
	GlobalSection(ExtensibilityGlobals) = postSolution
		SolutionGuid = {F2139264-5C67-40B8-A118-1900481456F5}
	EndGlobalSection
EndGlobal
